
Microsoft Visual Studio Solution File, Format Version 12.00
# Visual Studio Version 16
VisualStudioVersion = 16.0.31025.194
MinimumVisualStudioVersion = 10.0.40219.1
Project("{FAE04EC0-301F-11D3-BF4B-00C04F79EFBC}") = "ProductApi", "ProductApi.csproj", "{20F19E3A-546C-4106-B4EB-171244279F72}"
EndProject
Project("{FAE04EC0-301F-11D3-BF4B-00C04F79EFBC}") = "ClientConsole", "..\ClientConsole\ClientConsole.csproj", "{B8E63B26-CC82-4016-B156-71C100E0E82F}"
EndProject
Project("{FAE04EC0-301F-11D3-BF4B-00C04F79EFBC}") = "ClientMVC", "..\ClientMVC\ClientMVC.csproj", "{E129B97A-5D60-4485-B717-0C6CEF0D69C2}"
EndProject
Global
	GlobalSection(SolutionConfigurationPlatforms) = preSolution
		Debug|Any CPU = Debug|Any CPU
		Release|Any CPU = Release|Any CPU
	EndGlobalSection
	GlobalSection(ProjectConfigurationPlatforms) = postSolution
		{20F19E3A-546C-4106-B4EB-171244279F72}.Debug|Any CPU.ActiveCfg = Debug|Any CPU
		{20F19E3A-546C-4106-B4EB-171244279F72}.Debug|Any CPU.Build.0 = Debug|Any CPU
		{20F19E3A-546C-4106-B4EB-171244279F72}.Release|Any CPU.ActiveCfg = Release|Any CPU
		{20F19E3A-546C-4106-B4EB-171244279F72}.Release|Any CPU.Build.0 = Release|Any CPU
		{B8E63B26-CC82-4016-B156-71C100E0E82F}.Debug|Any CPU.ActiveCfg = Debug|Any CPU
		{B8E63B26-CC82-4016-B156-71C100E0E82F}.Debug|Any CPU.Build.0 = Debug|Any CPU
		{B8E63B26-CC82-4016-B156-71C100E0E82F}.Release|Any CPU.ActiveCfg = Release|Any CPU
		{B8E63B26-CC82-4016-B156-71C100E0E82F}.Release|Any CPU.Build.0 = Release|Any CPU
		{E129B97A-5D60-4485-B717-0C6CEF0D69C2}.Debug|Any CPU.ActiveCfg = Debug|Any CPU
		{E129B97A-5D60-4485-B717-0C6CEF0D69C2}.Debug|Any CPU.Build.0 = Debug|Any CPU
		{E129B97A-5D60-4485-B717-0C6CEF0D69C2}.Release|Any CPU.ActiveCfg = Release|Any CPU
		{E129B97A-5D60-4485-B717-0C6CEF0D69C2}.Release|Any CPU.Build.0 = Release|Any CPU
	EndGlobalSection
	GlobalSection(SolutionProperties) = preSolution
		HideSolutionNode = FALSE
	EndGlobalSection
	GlobalSection(ExtensibilityGlobals) = postSolution
		SolutionGuid = {7C8BEEC8-1987-45E3-901F-B461511E2690}
	EndGlobalSection
EndGlobal
